// !$*UTF8*$!
{
	archiveVersion = 1;
	classes = {
	};
	objectVersion = 46;
	objects = {

/* Begin PBXBuildFile section */
		5716B5B8163932D900FAE4B5 /* Unit.cpp in Sources */ = {isa = PBXBuildFile; fileRef = 5716B5B6163932D900FAE4B5 /* Unit.cpp */; };
		5723975616394B15006D853E /* WorldEntity.cpp in Sources */ = {isa = PBXBuildFile; fileRef = 5723975416394B15006D853E /* WorldEntity.cpp */; };
		57584246162D1B85008DA210 /* Monster.cpp in Sources */ = {isa = PBXBuildFile; fileRef = 57584244162D1B85008DA210 /* Monster.cpp */; };
		57584249162D3884008DA210 /* AutoAttackComponent.cpp in Sources */ = {isa = PBXBuildFile; fileRef = 57584247162D3884008DA210 /* AutoAttackComponent.cpp */; };
		5758424C162D39A0008DA210 /* ManualAttackComponent.cpp in Sources */ = {isa = PBXBuildFile; fileRef = 5758424A162D39A0008DA210 /* ManualAttackComponent.cpp */; };
		5763BF9F1608554E0068D420 /* QuartzCore.framework in Frameworks */ = {isa = PBXBuildFile; fileRef = 5763BF9E1608554E0068D420 /* QuartzCore.framework */; };
		5763BFA11608554E0068D420 /* OpenGLES.framework in Frameworks */ = {isa = PBXBuildFile; fileRef = 5763BFA01608554E0068D420 /* OpenGLES.framework */; };
		5763BFA31608554E0068D420 /* OpenAL.framework in Frameworks */ = {isa = PBXBuildFile; fileRef = 5763BFA21608554E0068D420 /* OpenAL.framework */; };
		5763BFA51608554E0068D420 /* AudioToolbox.framework in Frameworks */ = {isa = PBXBuildFile; fileRef = 5763BFA41608554E0068D420 /* AudioToolbox.framework */; };
		5763BFA71608554E0068D420 /* AVFoundation.framework in Frameworks */ = {isa = PBXBuildFile; fileRef = 5763BFA61608554E0068D420 /* AVFoundation.framework */; };
		5763BFA91608554E0068D420 /* UIKit.framework in Frameworks */ = {isa = PBXBuildFile; fileRef = 5763BFA81608554E0068D420 /* UIKit.framework */; };
		5763BFAB1608554E0068D420 /* Foundation.framework in Frameworks */ = {isa = PBXBuildFile; fileRef = 5763BFAA1608554E0068D420 /* Foundation.framework */; };
		5763BFAD1608554E0068D420 /* CoreGraphics.framework in Frameworks */ = {isa = PBXBuildFile; fileRef = 5763BFAC1608554E0068D420 /* CoreGraphics.framework */; };
		5763C234160855E90068D420 /* AppController.mm in Sources */ = {isa = PBXBuildFile; fileRef = 5763C230160855E90068D420 /* AppController.mm */; };
		5763C235160855E90068D420 /* main.m in Sources */ = {isa = PBXBuildFile; fileRef = 5763C231160855E90068D420 /* main.m */; };
		5763C236160855E90068D420 /* RootViewController.mm in Sources */ = {isa = PBXBuildFile; fileRef = 5763C233160855E90068D420 /* RootViewController.mm */; };
		5763C240160856100068D420 /* libcocos2dx.a in Frameworks */ = {isa = PBXBuildFile; fileRef = 5763C23F160855F90068D420 /* libcocos2dx.a */; };
		5763C249160856DB0068D420 /* AppDelegate.cpp in Sources */ = {isa = PBXBuildFile; fileRef = 5763C245160856DB0068D420 /* AppDelegate.cpp */; };
		5763C256160856E20068D420 /* CloseNormal.png in Resources */ = {isa = PBXBuildFile; fileRef = 5763C24C160856E20068D420 /* CloseNormal.png */; };
		5763C257160856E20068D420 /* CloseSelected.png in Resources */ = {isa = PBXBuildFile; fileRef = 5763C24D160856E20068D420 /* CloseSelected.png */; };
		5763C258160856E20068D420 /* Default.png in Resources */ = {isa = PBXBuildFile; fileRef = 5763C24E160856E20068D420 /* Default.png */; };
		5763C259160856E20068D420 /* HelloWorld.png in Resources */ = {isa = PBXBuildFile; fileRef = 5763C24F160856E20068D420 /* HelloWorld.png */; };
		5763C25A160856E20068D420 /* Icon-72.png in Resources */ = {isa = PBXBuildFile; fileRef = 5763C250160856E20068D420 /* Icon-72.png */; };
		5763C25B160856E20068D420 /* Icon-Small-50.png in Resources */ = {isa = PBXBuildFile; fileRef = 5763C251160856E20068D420 /* Icon-Small-50.png */; };
		5763C25C160856E20068D420 /* Icon-Small.png in Resources */ = {isa = PBXBuildFile; fileRef = 5763C252160856E20068D420 /* Icon-Small.png */; };
		5763C25D160856E20068D420 /* Icon-Small@2x.png in Resources */ = {isa = PBXBuildFile; fileRef = 5763C253160856E20068D420 /* Icon-Small@2x.png */; };
		5763C25E160856E20068D420 /* Icon.png in Resources */ = {isa = PBXBuildFile; fileRef = 5763C254160856E20068D420 /* Icon.png */; };
		5763C25F160856E20068D420 /* Icon@2x.png in Resources */ = {isa = PBXBuildFile; fileRef = 5763C255160856E20068D420 /* Icon@2x.png */; };
		5763C2DE1608570A0068D420 /* CDAudioManager.m in Sources */ = {isa = PBXBuildFile; fileRef = 5763C27B1608570A0068D420 /* CDAudioManager.m */; };
		5763C2DF1608570A0068D420 /* CDOpenALSupport.m in Sources */ = {isa = PBXBuildFile; fileRef = 5763C27E1608570A0068D420 /* CDOpenALSupport.m */; };
		5763C2E01608570A0068D420 /* CocosDenshion.m in Sources */ = {isa = PBXBuildFile; fileRef = 5763C2801608570A0068D420 /* CocosDenshion.m */; };
		5763C2E11608570A0068D420 /* SimpleAudioEngine.mm in Sources */ = {isa = PBXBuildFile; fileRef = 5763C2811608570A0068D420 /* SimpleAudioEngine.mm */; };
		5763C2E21608570A0068D420 /* SimpleAudioEngine_objc.m in Sources */ = {isa = PBXBuildFile; fileRef = 5763C2831608570A0068D420 /* SimpleAudioEngine_objc.m */; };
		57851A6E16968B1300BB6701 /* ISOCoordinateLayer.cpp in Sources */ = {isa = PBXBuildFile; fileRef = 57851A6C16968B1300BB6701 /* ISOCoordinateLayer.cpp */; };
		57851A7116968BF200BB6701 /* GridMoveComponent.cpp in Sources */ = {isa = PBXBuildFile; fileRef = 57851A6F16968BF200BB6701 /* GridMoveComponent.cpp */; };
		57851A7F1696A1D800BB6701 /* CCMessage.cpp in Sources */ = {isa = PBXBuildFile; fileRef = 57851A771696A1D800BB6701 /* CCMessage.cpp */; };
		57851A801696A1D800BB6701 /* CCMessageHandler.cpp in Sources */ = {isa = PBXBuildFile; fileRef = 57851A791696A1D800BB6701 /* CCMessageHandler.cpp */; };
		57851A811696A1D800BB6701 /* CCMessageManager.cpp in Sources */ = {isa = PBXBuildFile; fileRef = 57851A7B1696A1D800BB6701 /* CCMessageManager.cpp */; };
		57851A821696A1D800BB6701 /* CCMessageTarget.cpp in Sources */ = {isa = PBXBuildFile; fileRef = 57851A7D1696A1D800BB6701 /* CCMessageTarget.cpp */; };
		57851A871696A1F400BB6701 /* GameCamera.cpp in Sources */ = {isa = PBXBuildFile; fileRef = 57851A831696A1F400BB6701 /* GameCamera.cpp */; };
		57851A881696A1F400BB6701 /* GameWorld.cpp in Sources */ = {isa = PBXBuildFile; fileRef = 57851A851696A1F400BB6701 /* GameWorld.cpp */; };
		57851AAA1696B27800BB6701 /* CCAstar.cpp in Sources */ = {isa = PBXBuildFile; fileRef = 57851A9B1696B27800BB6701 /* CCAstar.cpp */; };
		57851AAB1696B27800BB6701 /* CCAstarNode.cpp in Sources */ = {isa = PBXBuildFile; fileRef = 57851A9D1696B27800BB6701 /* CCAstarNode.cpp */; };
		57851AAC1696B27800BB6701 /* CCCoordinate.cpp in Sources */ = {isa = PBXBuildFile; fileRef = 57851A9F1696B27800BB6701 /* CCCoordinate.cpp */; };
		57851AAF1696B27800BB6701 /* CCZIndex.cpp in Sources */ = {isa = PBXBuildFile; fileRef = 57851AA61696B27800BB6701 /* CCZIndex.cpp */; };
		57851AB01696B27800BB6701 /* CCZIndexNode.cpp in Sources */ = {isa = PBXBuildFile; fileRef = 57851AA81696B27800BB6701 /* CCZIndexNode.cpp */; };
		5785793B16412FB6001AFB30 /* GameOverScene.cpp in Sources */ = {isa = PBXBuildFile; fileRef = 5785793516412FB6001AFB30 /* GameOverScene.cpp */; };
		5785793C16412FB6001AFB30 /* GameScene.cpp in Sources */ = {isa = PBXBuildFile; fileRef = 5785793716412FB6001AFB30 /* GameScene.cpp */; };
		5785793D16412FB6001AFB30 /* GameStartScene.cpp in Sources */ = {isa = PBXBuildFile; fileRef = 5785793A16412FB6001AFB30 /* GameStartScene.cpp */; };
		578747431630083D002A6E3F /* AnimationComponent.cpp in Sources */ = {isa = PBXBuildFile; fileRef = 578747411630083D002A6E3F /* AnimationComponent.cpp */; };
		578A6B67169936C9000BCC72 /* CCISOTileLayer.cpp in Sources */ = {isa = PBXBuildFile; fileRef = 57851AB11696D1A900BB6701 /* CCISOTileLayer.cpp */; };
		578A6B6916993B30000BCC72 /* grid1.png in Resources */ = {isa = PBXBuildFile; fileRef = 578A6B6816993B30000BCC72 /* grid1.png */; };
		5791DDD81609703E00D996E9 /* AttackComponent.cpp in Sources */ = {isa = PBXBuildFile; fileRef = 5791DDD31609703E00D996E9 /* AttackComponent.cpp */; };
		5791DDD91609703E00D996E9 /* Component.cpp in Sources */ = {isa = PBXBuildFile; fileRef = 5791DDD51609703E00D996E9 /* Component.cpp */; };
		5791DDE5160982EE00D996E9 /* Player.cpp in Sources */ = {isa = PBXBuildFile; fileRef = 5791DDE3160982EE00D996E9 /* Player.cpp */; };
		5791DE181609B7AE00D996E9 /* GameEntity.cpp in Sources */ = {isa = PBXBuildFile; fileRef = 5791DDE0160982C200D996E9 /* GameEntity.cpp */; };
		57B0C70C16353F400002A0CD /* characters in Resources */ = {isa = PBXBuildFile; fileRef = 57B0C70B16353F400002A0CD /* characters */; };
		57F6F2A7169E6DA400FAC8C7 /* CCISOTileLayerDynamic.cpp in Sources */ = {isa = PBXBuildFile; fileRef = 57F6F2A5169E6DA400FAC8C7 /* CCISOTileLayerDynamic.cpp */; };
		57FE5A401636A0ED00FCD88B /* SimpleMoveComponent.cpp in Sources */ = {isa = PBXBuildFile; fileRef = 57FE5A3E1636A0ED00FCD88B /* SimpleMoveComponent.cpp */; };
/* End PBXBuildFile section */

/* Begin PBXContainerItemProxy section */
		5763C23E160855F90068D420 /* PBXContainerItemProxy */ = {
			isa = PBXContainerItemProxy;
			containerPortal = 5763C237160855F80068D420 /* cocos2dx.xcodeproj */;
			proxyType = 2;
			remoteGlobalIDString = 1551A33F158F2AB200E66CFE;
			remoteInfo = cocos2dx;
		};
		5763C241160856160068D420 /* PBXContainerItemProxy */ = {
			isa = PBXContainerItemProxy;
			containerPortal = 5763C237160855F80068D420 /* cocos2dx.xcodeproj */;
			proxyType = 1;
			remoteGlobalIDString = 1551A33E158F2AB200E66CFE;
			remoteInfo = cocos2dx;
		};
/* End PBXContainerItemProxy section */

/* Begin PBXFileReference section */
		5716B5B6163932D900FAE4B5 /* Unit.cpp */ = {isa = PBXFileReference; fileEncoding = 4; lastKnownFileType = sourcecode.cpp.cpp; path = Unit.cpp; sourceTree = "<group>"; };
		5716B5B7163932D900FAE4B5 /* Unit.h */ = {isa = PBXFileReference; fileEncoding = 4; lastKnownFileType = sourcecode.c.h; path = Unit.h; sourceTree = "<group>"; };
		5716B5B91639346000FAE4B5 /* GameMacros.h */ = {isa = PBXFileReference; lastKnownFileType = sourcecode.c.h; path = GameMacros.h; sourceTree = "<group>"; };
		5723975416394B15006D853E /* WorldEntity.cpp */ = {isa = PBXFileReference; fileEncoding = 4; lastKnownFileType = sourcecode.cpp.cpp; path = WorldEntity.cpp; sourceTree = "<group>"; };
		5723975516394B15006D853E /* WorldEntity.h */ = {isa = PBXFileReference; fileEncoding = 4; lastKnownFileType = sourcecode.c.h; path = WorldEntity.h; sourceTree = "<group>"; };
		572BA6B4163FB53600F69F7C /* GameTypes.h */ = {isa = PBXFileReference; lastKnownFileType = sourcecode.c.h; path = GameTypes.h; sourceTree = "<group>"; };
		57584244162D1B85008DA210 /* Monster.cpp */ = {isa = PBXFileReference; fileEncoding = 4; lastKnownFileType = sourcecode.cpp.cpp; path = Monster.cpp; sourceTree = "<group>"; };
		57584245162D1B85008DA210 /* Monster.h */ = {isa = PBXFileReference; fileEncoding = 4; lastKnownFileType = sourcecode.c.h; path = Monster.h; sourceTree = "<group>"; };
		57584247162D3884008DA210 /* AutoAttackComponent.cpp */ = {isa = PBXFileReference; fileEncoding = 4; lastKnownFileType = sourcecode.cpp.cpp; path = AutoAttackComponent.cpp; sourceTree = "<group>"; };
		57584248162D3884008DA210 /* AutoAttackComponent.h */ = {isa = PBXFileReference; fileEncoding = 4; lastKnownFileType = sourcecode.c.h; path = AutoAttackComponent.h; sourceTree = "<group>"; };
		5758424A162D39A0008DA210 /* ManualAttackComponent.cpp */ = {isa = PBXFileReference; fileEncoding = 4; lastKnownFileType = sourcecode.cpp.cpp; path = ManualAttackComponent.cpp; sourceTree = "<group>"; };
		5758424B162D39A0008DA210 /* ManualAttackComponent.h */ = {isa = PBXFileReference; fileEncoding = 4; lastKnownFileType = sourcecode.c.h; path = ManualAttackComponent.h; sourceTree = "<group>"; };
		5763BF9A1608554E0068D420 /* CCISO.app */ = {isa = PBXFileReference; explicitFileType = wrapper.application; includeInIndex = 0; path = CCISO.app; sourceTree = BUILT_PRODUCTS_DIR; };
		5763BF9E1608554E0068D420 /* QuartzCore.framework */ = {isa = PBXFileReference; lastKnownFileType = wrapper.framework; name = QuartzCore.framework; path = System/Library/Frameworks/QuartzCore.framework; sourceTree = SDKROOT; };
		5763BFA01608554E0068D420 /* OpenGLES.framework */ = {isa = PBXFileReference; lastKnownFileType = wrapper.framework; name = OpenGLES.framework; path = System/Library/Frameworks/OpenGLES.framework; sourceTree = SDKROOT; };
		5763BFA21608554E0068D420 /* OpenAL.framework */ = {isa = PBXFileReference; lastKnownFileType = wrapper.framework; name = OpenAL.framework; path = System/Library/Frameworks/OpenAL.framework; sourceTree = SDKROOT; };
		5763BFA41608554E0068D420 /* AudioToolbox.framework */ = {isa = PBXFileReference; lastKnownFileType = wrapper.framework; name = AudioToolbox.framework; path = System/Library/Frameworks/AudioToolbox.framework; sourceTree = SDKROOT; };
		5763BFA61608554E0068D420 /* AVFoundation.framework */ = {isa = PBXFileReference; lastKnownFileType = wrapper.framework; name = AVFoundation.framework; path = System/Library/Frameworks/AVFoundation.framework; sourceTree = SDKROOT; };
		5763BFA81608554E0068D420 /* UIKit.framework */ = {isa = PBXFileReference; lastKnownFileType = wrapper.framework; name = UIKit.framework; path = System/Library/Frameworks/UIKit.framework; sourceTree = SDKROOT; };
		5763BFAA1608554E0068D420 /* Foundation.framework */ = {isa = PBXFileReference; lastKnownFileType = wrapper.framework; name = Foundation.framework; path = System/Library/Frameworks/Foundation.framework; sourceTree = SDKROOT; };
		5763BFAC1608554E0068D420 /* CoreGraphics.framework */ = {isa = PBXFileReference; lastKnownFileType = wrapper.framework; name = CoreGraphics.framework; path = System/Library/Frameworks/CoreGraphics.framework; sourceTree = SDKROOT; };
		5763C22F160855E90068D420 /* AppController.h */ = {isa = PBXFileReference; fileEncoding = 4; lastKnownFileType = sourcecode.c.h; path = AppController.h; sourceTree = SOURCE_ROOT; };
		5763C230160855E90068D420 /* AppController.mm */ = {isa = PBXFileReference; fileEncoding = 4; lastKnownFileType = sourcecode.cpp.objcpp; path = AppController.mm; sourceTree = SOURCE_ROOT; };
		5763C231160855E90068D420 /* main.m */ = {isa = PBXFileReference; fileEncoding = 4; lastKnownFileType = sourcecode.c.objc; path = main.m; sourceTree = SOURCE_ROOT; };
		5763C232160855E90068D420 /* RootViewController.h */ = {isa = PBXFileReference; fileEncoding = 4; lastKnownFileType = sourcecode.c.h; path = RootViewController.h; sourceTree = SOURCE_ROOT; };
		5763C233160855E90068D420 /* RootViewController.mm */ = {isa = PBXFileReference; fileEncoding = 4; lastKnownFileType = sourcecode.cpp.objcpp; path = RootViewController.mm; sourceTree = SOURCE_ROOT; };
		5763C237160855F80068D420 /* cocos2dx.xcodeproj */ = {isa = PBXFileReference; lastKnownFileType = "wrapper.pb-project"; name = cocos2dx.xcodeproj; path = ../../cocos2dx/proj.ios/cocos2dx.xcodeproj; sourceTree = "<group>"; };
		5763C245160856DB0068D420 /* AppDelegate.cpp */ = {isa = PBXFileReference; fileEncoding = 4; lastKnownFileType = sourcecode.cpp.cpp; path = AppDelegate.cpp; sourceTree = "<group>"; };
		5763C246160856DB0068D420 /* AppDelegate.h */ = {isa = PBXFileReference; fileEncoding = 4; lastKnownFileType = sourcecode.c.h; path = AppDelegate.h; sourceTree = "<group>"; };
		5763C24C160856E20068D420 /* CloseNormal.png */ = {isa = PBXFileReference; lastKnownFileType = image.png; path = CloseNormal.png; sourceTree = "<group>"; };
		5763C24D160856E20068D420 /* CloseSelected.png */ = {isa = PBXFileReference; lastKnownFileType = image.png; path = CloseSelected.png; sourceTree = "<group>"; };
		5763C24E160856E20068D420 /* Default.png */ = {isa = PBXFileReference; lastKnownFileType = image.png; path = Default.png; sourceTree = "<group>"; };
		5763C24F160856E20068D420 /* HelloWorld.png */ = {isa = PBXFileReference; lastKnownFileType = image.png; path = HelloWorld.png; sourceTree = "<group>"; };
		5763C250160856E20068D420 /* Icon-72.png */ = {isa = PBXFileReference; lastKnownFileType = image.png; path = "Icon-72.png"; sourceTree = "<group>"; };
		5763C251160856E20068D420 /* Icon-Small-50.png */ = {isa = PBXFileReference; lastKnownFileType = image.png; path = "Icon-Small-50.png"; sourceTree = "<group>"; };
		5763C252160856E20068D420 /* Icon-Small.png */ = {isa = PBXFileReference; lastKnownFileType = image.png; path = "Icon-Small.png"; sourceTree = "<group>"; };
		5763C253160856E20068D420 /* Icon-Small@2x.png */ = {isa = PBXFileReference; lastKnownFileType = image.png; path = "Icon-Small@2x.png"; sourceTree = "<group>"; };
		5763C254160856E20068D420 /* Icon.png */ = {isa = PBXFileReference; lastKnownFileType = image.png; path = Icon.png; sourceTree = "<group>"; };
		5763C255160856E20068D420 /* Icon@2x.png */ = {isa = PBXFileReference; lastKnownFileType = image.png; path = "Icon@2x.png"; sourceTree = "<group>"; };
		5763C2771608570A0068D420 /* Export.h */ = {isa = PBXFileReference; fileEncoding = 4; lastKnownFileType = sourcecode.c.h; path = Export.h; sourceTree = "<group>"; };
		5763C2781608570A0068D420 /* SimpleAudioEngine.h */ = {isa = PBXFileReference; fileEncoding = 4; lastKnownFileType = sourcecode.c.h; path = SimpleAudioEngine.h; sourceTree = "<group>"; };
		5763C27A1608570A0068D420 /* CDAudioManager.h */ = {isa = PBXFileReference; fileEncoding = 4; lastKnownFileType = sourcecode.c.h; path = CDAudioManager.h; sourceTree = "<group>"; };
		5763C27B1608570A0068D420 /* CDAudioManager.m */ = {isa = PBXFileReference; fileEncoding = 4; lastKnownFileType = sourcecode.c.objc; path = CDAudioManager.m; sourceTree = "<group>"; };
		5763C27C1608570A0068D420 /* CDConfig.h */ = {isa = PBXFileReference; fileEncoding = 4; lastKnownFileType = sourcecode.c.h; path = CDConfig.h; sourceTree = "<group>"; };
		5763C27D1608570A0068D420 /* CDOpenALSupport.h */ = {isa = PBXFileReference; fileEncoding = 4; lastKnownFileType = sourcecode.c.h; path = CDOpenALSupport.h; sourceTree = "<group>"; };
		5763C27E1608570A0068D420 /* CDOpenALSupport.m */ = {isa = PBXFileReference; fileEncoding = 4; lastKnownFileType = sourcecode.c.objc; path = CDOpenALSupport.m; sourceTree = "<group>"; };
		5763C27F1608570A0068D420 /* CocosDenshion.h */ = {isa = PBXFileReference; fileEncoding = 4; lastKnownFileType = sourcecode.c.h; path = CocosDenshion.h; sourceTree = "<group>"; };
		5763C2801608570A0068D420 /* CocosDenshion.m */ = {isa = PBXFileReference; fileEncoding = 4; lastKnownFileType = sourcecode.c.objc; path = CocosDenshion.m; sourceTree = "<group>"; };
		5763C2811608570A0068D420 /* SimpleAudioEngine.mm */ = {isa = PBXFileReference; fileEncoding = 4; lastKnownFileType = sourcecode.cpp.objcpp; path = SimpleAudioEngine.mm; sourceTree = "<group>"; };
		5763C2821608570A0068D420 /* SimpleAudioEngine_objc.h */ = {isa = PBXFileReference; fileEncoding = 4; lastKnownFileType = sourcecode.c.h; path = SimpleAudioEngine_objc.h; sourceTree = "<group>"; };
		5763C2831608570A0068D420 /* SimpleAudioEngine_objc.m */ = {isa = PBXFileReference; fileEncoding = 4; lastKnownFileType = sourcecode.c.objc; path = SimpleAudioEngine_objc.m; sourceTree = "<group>"; };
		57851A6C16968B1300BB6701 /* ISOCoordinateLayer.cpp */ = {isa = PBXFileReference; fileEncoding = 4; lastKnownFileType = sourcecode.cpp.cpp; path = ISOCoordinateLayer.cpp; sourceTree = "<group>"; };
		57851A6D16968B1300BB6701 /* ISOCoordinateLayer.h */ = {isa = PBXFileReference; fileEncoding = 4; lastKnownFileType = sourcecode.c.h; path = ISOCoordinateLayer.h; sourceTree = "<group>"; };
		57851A6F16968BF200BB6701 /* GridMoveComponent.cpp */ = {isa = PBXFileReference; fileEncoding = 4; lastKnownFileType = sourcecode.cpp.cpp; path = GridMoveComponent.cpp; sourceTree = "<group>"; };
		57851A7016968BF200BB6701 /* GridMoveComponent.h */ = {isa = PBXFileReference; fileEncoding = 4; lastKnownFileType = sourcecode.c.h; path = GridMoveComponent.h; sourceTree = "<group>"; };
		57851A761696A1D800BB6701 /* CCIMessageManager.h */ = {isa = PBXFileReference; fileEncoding = 4; lastKnownFileType = sourcecode.c.h; path = CCIMessageManager.h; sourceTree = "<group>"; };
		57851A771696A1D800BB6701 /* CCMessage.cpp */ = {isa = PBXFileReference; fileEncoding = 4; lastKnownFileType = sourcecode.cpp.cpp; path = CCMessage.cpp; sourceTree = "<group>"; };
		57851A781696A1D800BB6701 /* CCMessage.h */ = {isa = PBXFileReference; fileEncoding = 4; lastKnownFileType = sourcecode.c.h; path = CCMessage.h; sourceTree = "<group>"; };
		57851A791696A1D800BB6701 /* CCMessageHandler.cpp */ = {isa = PBXFileReference; fileEncoding = 4; lastKnownFileType = sourcecode.cpp.cpp; path = CCMessageHandler.cpp; sourceTree = "<group>"; };
		57851A7A1696A1D800BB6701 /* CCMessageHandler.h */ = {isa = PBXFileReference; fileEncoding = 4; lastKnownFileType = sourcecode.c.h; path = CCMessageHandler.h; sourceTree = "<group>"; };
		57851A7B1696A1D800BB6701 /* CCMessageManager.cpp */ = {isa = PBXFileReference; fileEncoding = 4; lastKnownFileType = sourcecode.cpp.cpp; path = CCMessageManager.cpp; sourceTree = "<group>"; };
		57851A7C1696A1D800BB6701 /* CCMessageManager.h */ = {isa = PBXFileReference; fileEncoding = 4; lastKnownFileType = sourcecode.c.h; path = CCMessageManager.h; sourceTree = "<group>"; };
		57851A7D1696A1D800BB6701 /* CCMessageTarget.cpp */ = {isa = PBXFileReference; fileEncoding = 4; lastKnownFileType = sourcecode.cpp.cpp; path = CCMessageTarget.cpp; sourceTree = "<group>"; };
		57851A7E1696A1D800BB6701 /* CCMessageTarget.h */ = {isa = PBXFileReference; fileEncoding = 4; lastKnownFileType = sourcecode.c.h; path = CCMessageTarget.h; sourceTree = "<group>"; };
		57851A831696A1F400BB6701 /* GameCamera.cpp */ = {isa = PBXFileReference; fileEncoding = 4; lastKnownFileType = sourcecode.cpp.cpp; path = GameCamera.cpp; sourceTree = "<group>"; };
		57851A841696A1F400BB6701 /* GameCamera.h */ = {isa = PBXFileReference; fileEncoding = 4; lastKnownFileType = sourcecode.c.h; path = GameCamera.h; sourceTree = "<group>"; };
		57851A851696A1F400BB6701 /* GameWorld.cpp */ = {isa = PBXFileReference; fileEncoding = 4; lastKnownFileType = sourcecode.cpp.cpp; path = GameWorld.cpp; sourceTree = "<group>"; };
		57851A861696A1F400BB6701 /* GameWorld.h */ = {isa = PBXFileReference; fileEncoding = 4; lastKnownFileType = sourcecode.c.h; path = GameWorld.h; sourceTree = "<group>"; };
		57851A9B1696B27800BB6701 /* CCAstar.cpp */ = {isa = PBXFileReference; fileEncoding = 4; lastKnownFileType = sourcecode.cpp.cpp; path = CCAstar.cpp; sourceTree = "<group>"; };
		57851A9C1696B27800BB6701 /* CCAstar.h */ = {isa = PBXFileReference; fileEncoding = 4; lastKnownFileType = sourcecode.c.h; path = CCAstar.h; sourceTree = "<group>"; };
		57851A9D1696B27800BB6701 /* CCAstarNode.cpp */ = {isa = PBXFileReference; fileEncoding = 4; lastKnownFileType = sourcecode.cpp.cpp; path = CCAstarNode.cpp; sourceTree = "<group>"; };
		57851A9E1696B27800BB6701 /* CCAstarNode.h */ = {isa = PBXFileReference; fileEncoding = 4; lastKnownFileType = sourcecode.c.h; path = CCAstarNode.h; sourceTree = "<group>"; };
		57851A9F1696B27800BB6701 /* CCCoordinate.cpp */ = {isa = PBXFileReference; fileEncoding = 4; lastKnownFileType = sourcecode.cpp.cpp; path = CCCoordinate.cpp; sourceTree = "<group>"; };
		57851AA01696B27800BB6701 /* CCCoordinate.h */ = {isa = PBXFileReference; fileEncoding = 4; lastKnownFileType = sourcecode.c.h; path = CCCoordinate.h; sourceTree = "<group>"; };
		57851AA11696B27800BB6701 /* CCISOCoordinate.h */ = {isa = PBXFileReference; fileEncoding = 4; lastKnownFileType = sourcecode.c.h; path = CCISOCoordinate.h; sourceTree = "<group>"; };
		57851AA61696B27800BB6701 /* CCZIndex.cpp */ = {isa = PBXFileReference; fileEncoding = 4; lastKnownFileType = sourcecode.cpp.cpp; path = CCZIndex.cpp; sourceTree = "<group>"; };
		57851AA71696B27800BB6701 /* CCZIndex.h */ = {isa = PBXFileReference; fileEncoding = 4; lastKnownFileType = sourcecode.c.h; path = CCZIndex.h; sourceTree = "<group>"; };
		57851AA81696B27800BB6701 /* CCZIndexNode.cpp */ = {isa = PBXFileReference; fileEncoding = 4; lastKnownFileType = sourcecode.cpp.cpp; path = CCZIndexNode.cpp; sourceTree = "<group>"; };
		57851AA91696B27800BB6701 /* CCZIndexNode.h */ = {isa = PBXFileReference; fileEncoding = 4; lastKnownFileType = sourcecode.c.h; path = CCZIndexNode.h; sourceTree = "<group>"; };
		57851AB11696D1A900BB6701 /* CCISOTileLayer.cpp */ = {isa = PBXFileReference; lastKnownFileType = sourcecode.cpp.cpp; path = CCISOTileLayer.cpp; sourceTree = "<group>"; };
		57851AB21696D1A900BB6701 /* CCISOTileLayer.h */ = {isa = PBXFileReference; lastKnownFileType = sourcecode.c.h; path = CCISOTileLayer.h; sourceTree = "<group>"; };
		57851AB31696D1A900BB6701 /* CCISOTileMap.cpp */ = {isa = PBXFileReference; lastKnownFileType = sourcecode.cpp.cpp; path = CCISOTileMap.cpp; sourceTree = "<group>"; };
		57851AB41696D1A900BB6701 /* CCISOTileMap.h */ = {isa = PBXFileReference; lastKnownFileType = sourcecode.c.h; path = CCISOTileMap.h; sourceTree = "<group>"; };
		5785793516412FB6001AFB30 /* GameOverScene.cpp */ = {isa = PBXFileReference; fileEncoding = 4; lastKnownFileType = sourcecode.cpp.cpp; path = GameOverScene.cpp; sourceTree = "<group>"; };
		5785793616412FB6001AFB30 /* GameOverScene.h */ = {isa = PBXFileReference; fileEncoding = 4; lastKnownFileType = sourcecode.c.h; path = GameOverScene.h; sourceTree = "<group>"; };
		5785793716412FB6001AFB30 /* GameScene.cpp */ = {isa = PBXFileReference; fileEncoding = 4; lastKnownFileType = sourcecode.cpp.cpp; path = GameScene.cpp; sourceTree = "<group>"; };
		5785793816412FB6001AFB30 /* GameScene.h */ = {isa = PBXFileReference; fileEncoding = 4; lastKnownFileType = sourcecode.c.h; path = GameScene.h; sourceTree = "<group>"; };
		5785793916412FB6001AFB30 /* GameStartScene.h */ = {isa = PBXFileReference; fileEncoding = 4; lastKnownFileType = sourcecode.c.h; path = GameStartScene.h; sourceTree = "<group>"; };
		5785793A16412FB6001AFB30 /* GameStartScene.cpp */ = {isa = PBXFileReference; fileEncoding = 4; lastKnownFileType = sourcecode.cpp.cpp; path = GameStartScene.cpp; sourceTree = "<group>"; };
		5785793E164130AD001AFB30 /* GameConfig.h */ = {isa = PBXFileReference; lastKnownFileType = sourcecode.c.h; path = GameConfig.h; sourceTree = "<group>"; };
		578747411630083D002A6E3F /* AnimationComponent.cpp */ = {isa = PBXFileReference; fileEncoding = 4; lastKnownFileType = sourcecode.cpp.cpp; path = AnimationComponent.cpp; sourceTree = "<group>"; };
		578747421630083D002A6E3F /* AnimationComponent.h */ = {isa = PBXFileReference; fileEncoding = 4; lastKnownFileType = sourcecode.c.h; path = AnimationComponent.h; sourceTree = "<group>"; };
		578A6B6816993B30000BCC72 /* grid1.png */ = {isa = PBXFileReference; lastKnownFileType = image.png; path = grid1.png; sourceTree = "<group>"; };
		5791DDD31609703E00D996E9 /* AttackComponent.cpp */ = {isa = PBXFileReference; fileEncoding = 4; lastKnownFileType = sourcecode.cpp.cpp; path = AttackComponent.cpp; sourceTree = "<group>"; };
		5791DDD41609703E00D996E9 /* AttackComponent.h */ = {isa = PBXFileReference; fileEncoding = 4; lastKnownFileType = sourcecode.c.h; path = AttackComponent.h; sourceTree = "<group>"; };
		5791DDD51609703E00D996E9 /* Component.cpp */ = {isa = PBXFileReference; fileEncoding = 4; lastKnownFileType = sourcecode.cpp.cpp; path = Component.cpp; sourceTree = "<group>"; };
		5791DDD61609703E00D996E9 /* Component.h */ = {isa = PBXFileReference; fileEncoding = 4; lastKnownFileType = sourcecode.c.h; path = Component.h; sourceTree = "<group>"; };
		5791DDDA160979FE00D996E9 /* YHMacros.h */ = {isa = PBXFileReference; lastKnownFileType = sourcecode.c.h; path = YHMacros.h; sourceTree = "<group>"; };
		5791DDE0160982C200D996E9 /* GameEntity.cpp */ = {isa = PBXFileReference; fileEncoding = 4; lastKnownFileType = sourcecode.cpp.cpp; path = GameEntity.cpp; sourceTree = "<group>"; };
		5791DDE1160982C200D996E9 /* GameEntity.h */ = {isa = PBXFileReference; fileEncoding = 4; lastKnownFileType = sourcecode.c.h; path = GameEntity.h; sourceTree = "<group>"; };
		5791DDE3160982EE00D996E9 /* Player.cpp */ = {isa = PBXFileReference; fileEncoding = 4; lastKnownFileType = sourcecode.cpp.cpp; path = Player.cpp; sourceTree = "<group>"; };
		5791DDE4160982EE00D996E9 /* Player.h */ = {isa = PBXFileReference; fileEncoding = 4; lastKnownFileType = sourcecode.c.h; path = Player.h; sourceTree = "<group>"; };
		5791DE141609935600D996E9 /* GameMessages.h */ = {isa = PBXFileReference; lastKnownFileType = sourcecode.c.h; path = GameMessages.h; sourceTree = "<group>"; };
		57B0C70B16353F400002A0CD /* characters */ = {isa = PBXFileReference; lastKnownFileType = folder; path = characters; sourceTree = "<group>"; };
		57F6F2A5169E6DA400FAC8C7 /* CCISOTileLayerDynamic.cpp */ = {isa = PBXFileReference; fileEncoding = 4; lastKnownFileType = sourcecode.cpp.cpp; path = CCISOTileLayerDynamic.cpp; sourceTree = "<group>"; };
		57F6F2A6169E6DA400FAC8C7 /* CCISOTileLayerDynamic.h */ = {isa = PBXFileReference; fileEncoding = 4; lastKnownFileType = sourcecode.c.h; path = CCISOTileLayerDynamic.h; sourceTree = "<group>"; };
		57FE5A3E1636A0ED00FCD88B /* SimpleMoveComponent.cpp */ = {isa = PBXFileReference; fileEncoding = 4; lastKnownFileType = sourcecode.cpp.cpp; path = SimpleMoveComponent.cpp; sourceTree = "<group>"; };
		57FE5A3F1636A0ED00FCD88B /* SimpleMoveComponent.h */ = {isa = PBXFileReference; fileEncoding = 4; lastKnownFileType = sourcecode.c.h; path = SimpleMoveComponent.h; sourceTree = "<group>"; };
/* End PBXFileReference section */

/* Begin PBXFrameworksBuildPhase section */
		5763BF971608554E0068D420 /* Frameworks */ = {
			isa = PBXFrameworksBuildPhase;
			buildActionMask = 2147483647;
			files = (
				5763C240160856100068D420 /* libcocos2dx.a in Frameworks */,
				5763BF9F1608554E0068D420 /* QuartzCore.framework in Frameworks */,
				5763BFA11608554E0068D420 /* OpenGLES.framework in Frameworks */,
				5763BFA31608554E0068D420 /* OpenAL.framework in Frameworks */,
				5763BFA51608554E0068D420 /* AudioToolbox.framework in Frameworks */,
				5763BFA71608554E0068D420 /* AVFoundation.framework in Frameworks */,
				5763BFA91608554E0068D420 /* UIKit.framework in Frameworks */,
				5763BFAB1608554E0068D420 /* Foundation.framework in Frameworks */,
				5763BFAD1608554E0068D420 /* CoreGraphics.framework in Frameworks */,
			);
			runOnlyForDeploymentPostprocessing = 0;
		};
/* End PBXFrameworksBuildPhase section */

/* Begin PBXGroup section */
		5763BF8F1608554D0068D420 = {
			isa = PBXGroup;
			children = (
				5763C237160855F80068D420 /* cocos2dx.xcodeproj */,
				5763C244160856DB0068D420 /* Classes */,
				5763BF9D1608554E0068D420 /* Frameworks */,
				5763BF9B1608554E0068D420 /* Products */,
				5763C22D160855BC0068D420 /* ios */,
				5763C2601608570A0068D420 /* CocosDenshion */,
				5763C24B160856E20068D420 /* Resources */,
			);
			sourceTree = "<group>";
		};
		5763BF9B1608554E0068D420 /* Products */ = {
			isa = PBXGroup;
			children = (
				5763BF9A1608554E0068D420 /* CCISO.app */,
			);
			name = Products;
			sourceTree = "<group>";
		};
		5763BF9D1608554E0068D420 /* Frameworks */ = {
			isa = PBXGroup;
			children = (
				5763BF9E1608554E0068D420 /* QuartzCore.framework */,
				5763BFA01608554E0068D420 /* OpenGLES.framework */,
				5763BFA21608554E0068D420 /* OpenAL.framework */,
				5763BFA41608554E0068D420 /* AudioToolbox.framework */,
				5763BFA61608554E0068D420 /* AVFoundation.framework */,
				5763BFA81608554E0068D420 /* UIKit.framework */,
				5763BFAA1608554E0068D420 /* Foundation.framework */,
				5763BFAC1608554E0068D420 /* CoreGraphics.framework */,
			);
			name = Frameworks;
			sourceTree = "<group>";
		};
		5763C22D160855BC0068D420 /* ios */ = {
			isa = PBXGroup;
			children = (
				5763C22F160855E90068D420 /* AppController.h */,
				5763C230160855E90068D420 /* AppController.mm */,
				5763C231160855E90068D420 /* main.m */,
				5763C232160855E90068D420 /* RootViewController.h */,
				5763C233160855E90068D420 /* RootViewController.mm */,
			);
			name = ios;
			path = CCISO;
			sourceTree = "<group>";
		};
		5763C238160855F80068D420 /* Products */ = {
			isa = PBXGroup;
			children = (
				5763C23F160855F90068D420 /* libcocos2dx.a */,
			);
			name = Products;
			sourceTree = "<group>";
		};
		5763C244160856DB0068D420 /* Classes */ = {
			isa = PBXGroup;
			children = (
				57851A9A1696B27800BB6701 /* Isometric */,
				57851A751696A1D800BB6701 /* Message */,
				5791DDD01609703E00D996E9 /* Components */,
				57851A6B16968B1300BB6701 /* Layers */,
				5785793416412FB6001AFB30 /* Scenes */,
				5791DDDF160982C200D996E9 /* Entities */,
				5763C245160856DB0068D420 /* AppDelegate.cpp */,
				5763C246160856DB0068D420 /* AppDelegate.h */,
				57851A831696A1F400BB6701 /* GameCamera.cpp */,
				57851A841696A1F400BB6701 /* GameCamera.h */,
				57851A851696A1F400BB6701 /* GameWorld.cpp */,
				57851A861696A1F400BB6701 /* GameWorld.h */,
				5791DE141609935600D996E9 /* GameMessages.h */,
				5716B5B91639346000FAE4B5 /* GameMacros.h */,
				572BA6B4163FB53600F69F7C /* GameTypes.h */,
				5785793E164130AD001AFB30 /* GameConfig.h */,
				5791DDDA160979FE00D996E9 /* YHMacros.h */,
			);
			name = Classes;
			path = ../Classes;
			sourceTree = "<group>";
		};
		5763C24B160856E20068D420 /* Resources */ = {
			isa = PBXGroup;
			children = (
				578A6B6816993B30000BCC72 /* grid1.png */,
				57B0C70B16353F400002A0CD /* characters */,
				5763C24C160856E20068D420 /* CloseNormal.png */,
				5763C24D160856E20068D420 /* CloseSelected.png */,
				5763C24E160856E20068D420 /* Default.png */,
				5763C24F160856E20068D420 /* HelloWorld.png */,
				5763C250160856E20068D420 /* Icon-72.png */,
				5763C251160856E20068D420 /* Icon-Small-50.png */,
				5763C252160856E20068D420 /* Icon-Small.png */,
				5763C253160856E20068D420 /* Icon-Small@2x.png */,
				5763C254160856E20068D420 /* Icon.png */,
				5763C255160856E20068D420 /* Icon@2x.png */,
			);
			name = Resources;
			path = ../Resources;
			sourceTree = "<group>";
		};
		5763C2601608570A0068D420 /* CocosDenshion */ = {
			isa = PBXGroup;
			children = (
				5763C2761608570A0068D420 /* include */,
				5763C2791608570A0068D420 /* ios */,
			);
			name = CocosDenshion;
			path = ../../CocosDenshion;
			sourceTree = "<group>";
		};
		5763C2761608570A0068D420 /* include */ = {
			isa = PBXGroup;
			children = (
				5763C2771608570A0068D420 /* Export.h */,
				5763C2781608570A0068D420 /* SimpleAudioEngine.h */,
			);
			path = include;
			sourceTree = "<group>";
		};
		5763C2791608570A0068D420 /* ios */ = {
			isa = PBXGroup;
			children = (
				5763C27A1608570A0068D420 /* CDAudioManager.h */,
				5763C27B1608570A0068D420 /* CDAudioManager.m */,
				5763C27C1608570A0068D420 /* CDConfig.h */,
				5763C27D1608570A0068D420 /* CDOpenALSupport.h */,
				5763C27E1608570A0068D420 /* CDOpenALSupport.m */,
				5763C27F1608570A0068D420 /* CocosDenshion.h */,
				5763C2801608570A0068D420 /* CocosDenshion.m */,
				5763C2811608570A0068D420 /* SimpleAudioEngine.mm */,
				5763C2821608570A0068D420 /* SimpleAudioEngine_objc.h */,
				5763C2831608570A0068D420 /* SimpleAudioEngine_objc.m */,
			);
			path = ios;
			sourceTree = "<group>";
		};
		57851A6B16968B1300BB6701 /* Layers */ = {
			isa = PBXGroup;
			children = (
				57851A6C16968B1300BB6701 /* ISOCoordinateLayer.cpp */,
				57851A6D16968B1300BB6701 /* ISOCoordinateLayer.h */,
			);
			path = Layers;
			sourceTree = "<group>";
		};
		57851A751696A1D800BB6701 /* Message */ = {
			isa = PBXGroup;
			children = (
				57851A761696A1D800BB6701 /* CCIMessageManager.h */,
				57851A771696A1D800BB6701 /* CCMessage.cpp */,
				57851A781696A1D800BB6701 /* CCMessage.h */,
				57851A791696A1D800BB6701 /* CCMessageHandler.cpp */,
				57851A7A1696A1D800BB6701 /* CCMessageHandler.h */,
				57851A7B1696A1D800BB6701 /* CCMessageManager.cpp */,
				57851A7C1696A1D800BB6701 /* CCMessageManager.h */,
				57851A7D1696A1D800BB6701 /* CCMessageTarget.cpp */,
				57851A7E1696A1D800BB6701 /* CCMessageTarget.h */,
			);
			path = Message;
			sourceTree = "<group>";
		};
		57851A9A1696B27800BB6701 /* Isometric */ = {
			isa = PBXGroup;
			children = (
				57F6F2A5169E6DA400FAC8C7 /* CCISOTileLayerDynamic.cpp */,
				57F6F2A6169E6DA400FAC8C7 /* CCISOTileLayerDynamic.h */,
				57851AB11696D1A900BB6701 /* CCISOTileLayer.cpp */,
				57851AB21696D1A900BB6701 /* CCISOTileLayer.h */,
				57851AB31696D1A900BB6701 /* CCISOTileMap.cpp */,
				57851AB41696D1A900BB6701 /* CCISOTileMap.h */,
				57851A9B1696B27800BB6701 /* CCAstar.cpp */,
				57851A9C1696B27800BB6701 /* CCAstar.h */,
				57851A9D1696B27800BB6701 /* CCAstarNode.cpp */,
				57851A9E1696B27800BB6701 /* CCAstarNode.h */,
				57851A9F1696B27800BB6701 /* CCCoordinate.cpp */,
				57851AA01696B27800BB6701 /* CCCoordinate.h */,
				57851AA11696B27800BB6701 /* CCISOCoordinate.h */,
				57851AA61696B27800BB6701 /* CCZIndex.cpp */,
				57851AA71696B27800BB6701 /* CCZIndex.h */,
				57851AA81696B27800BB6701 /* CCZIndexNode.cpp */,
				57851AA91696B27800BB6701 /* CCZIndexNode.h */,
			);
			path = Isometric;
			sourceTree = "<group>";
		};
		5785793416412FB6001AFB30 /* Scenes */ = {
			isa = PBXGroup;
			children = (
				5785793516412FB6001AFB30 /* GameOverScene.cpp */,
				5785793616412FB6001AFB30 /* GameOverScene.h */,
				5785793716412FB6001AFB30 /* GameScene.cpp */,
				5785793816412FB6001AFB30 /* GameScene.h */,
				5785793916412FB6001AFB30 /* GameStartScene.h */,
				5785793A16412FB6001AFB30 /* GameStartScene.cpp */,
			);
			path = Scenes;
			sourceTree = "<group>";
		};
		5791DDD01609703E00D996E9 /* Components */ = {
			isa = PBXGroup;
			children = (
				57851A6F16968BF200BB6701 /* GridMoveComponent.cpp */,
				57851A7016968BF200BB6701 /* GridMoveComponent.h */,
				57FE5A3E1636A0ED00FCD88B /* SimpleMoveComponent.cpp */,
				57FE5A3F1636A0ED00FCD88B /* SimpleMoveComponent.h */,
				578747411630083D002A6E3F /* AnimationComponent.cpp */,
				578747421630083D002A6E3F /* AnimationComponent.h */,
				5758424A162D39A0008DA210 /* ManualAttackComponent.cpp */,
				5758424B162D39A0008DA210 /* ManualAttackComponent.h */,
				57584247162D3884008DA210 /* AutoAttackComponent.cpp */,
				57584248162D3884008DA210 /* AutoAttackComponent.h */,
				5791DDD31609703E00D996E9 /* AttackComponent.cpp */,
				5791DDD41609703E00D996E9 /* AttackComponent.h */,
				5791DDD51609703E00D996E9 /* Component.cpp */,
				5791DDD61609703E00D996E9 /* Component.h */,
			);
			path = Components;
			sourceTree = "<group>";
		};
		5791DDDF160982C200D996E9 /* Entities */ = {
			isa = PBXGroup;
			children = (
				5723975416394B15006D853E /* WorldEntity.cpp */,
				5723975516394B15006D853E /* WorldEntity.h */,
				5716B5B6163932D900FAE4B5 /* Unit.cpp */,
				5716B5B7163932D900FAE4B5 /* Unit.h */,
				57584244162D1B85008DA210 /* Monster.cpp */,
				57584245162D1B85008DA210 /* Monster.h */,
				5791DDE3160982EE00D996E9 /* Player.cpp */,
				5791DDE4160982EE00D996E9 /* Player.h */,
				5791DDE0160982C200D996E9 /* GameEntity.cpp */,
				5791DDE1160982C200D996E9 /* GameEntity.h */,
			);
			path = Entities;
			sourceTree = "<group>";
		};
/* End PBXGroup section */

/* Begin PBXNativeTarget section */
		5763BF991608554E0068D420 /* CCISO */ = {
			isa = PBXNativeTarget;
			buildConfigurationList = 5763C226160855540068D420 /* Build configuration list for PBXNativeTarget "CCISO" */;
			buildPhases = (
				5763BF961608554E0068D420 /* Sources */,
				5763BF971608554E0068D420 /* Frameworks */,
				5763BF981608554E0068D420 /* Resources */,
			);
			buildRules = (
			);
			dependencies = (
				5763C242160856160068D420 /* PBXTargetDependency */,
			);
			name = CCISO;
			productName = CCISO;
			productReference = 5763BF9A1608554E0068D420 /* CCISO.app */;
			productType = "com.apple.product-type.application";
		};
/* End PBXNativeTarget section */

/* Begin PBXProject section */
		5763BF911608554D0068D420 /* Project object */ = {
			isa = PBXProject;
			attributes = {
				LastUpgradeCheck = 0430;
			};
			buildConfigurationList = 5763BF941608554D0068D420 /* Build configuration list for PBXProject "CCISO" */;
			compatibilityVersion = "Xcode 3.2";
			developmentRegion = English;
			hasScannedForEncodings = 0;
			knownRegions = (
				en,
			);
			mainGroup = 5763BF8F1608554D0068D420;
			productRefGroup = 5763BF9B1608554E0068D420 /* Products */;
			projectDirPath = "";
			projectReferences = (
				{
					ProductGroup = 5763C238160855F80068D420 /* Products */;
					ProjectRef = 5763C237160855F80068D420 /* cocos2dx.xcodeproj */;
				},
			);
			projectRoot = "";
			targets = (
				5763BF991608554E0068D420 /* CCISO */,
			);
		};
/* End PBXProject section */

/* Begin PBXReferenceProxy section */
		5763C23F160855F90068D420 /* libcocos2dx.a */ = {
			isa = PBXReferenceProxy;
			fileType = archive.ar;
			path = libcocos2dx.a;
			remoteRef = 5763C23E160855F90068D420 /* PBXContainerItemProxy */;
			sourceTree = BUILT_PRODUCTS_DIR;
		};
/* End PBXReferenceProxy section */

/* Begin PBXResourcesBuildPhase section */
		5763BF981608554E0068D420 /* Resources */ = {
			isa = PBXResourcesBuildPhase;
			buildActionMask = 2147483647;
			files = (
				5763C256160856E20068D420 /* CloseNormal.png in Resources */,
				5763C257160856E20068D420 /* CloseSelected.png in Resources */,
				5763C258160856E20068D420 /* Default.png in Resources */,
				5763C259160856E20068D420 /* HelloWorld.png in Resources */,
				5763C25A160856E20068D420 /* Icon-72.png in Resources */,
				5763C25B160856E20068D420 /* Icon-Small-50.png in Resources */,
				5763C25C160856E20068D420 /* Icon-Small.png in Resources */,
				5763C25D160856E20068D420 /* Icon-Small@2x.png in Resources */,
				5763C25E160856E20068D420 /* Icon.png in Resources */,
				5763C25F160856E20068D420 /* Icon@2x.png in Resources */,
				57B0C70C16353F400002A0CD /* characters in Resources */,
				578A6B6916993B30000BCC72 /* grid1.png in Resources */,
			);
			runOnlyForDeploymentPostprocessing = 0;
		};
/* End PBXResourcesBuildPhase section */

/* Begin PBXSourcesBuildPhase section */
		5763BF961608554E0068D420 /* Sources */ = {
			isa = PBXSourcesBuildPhase;
			buildActionMask = 2147483647;
			files = (
				5763C234160855E90068D420 /* AppController.mm in Sources */,
				5763C235160855E90068D420 /* main.m in Sources */,
				5763C236160855E90068D420 /* RootViewController.mm in Sources */,
				5763C249160856DB0068D420 /* AppDelegate.cpp in Sources */,
				5763C2DE1608570A0068D420 /* CDAudioManager.m in Sources */,
				5763C2DF1608570A0068D420 /* CDOpenALSupport.m in Sources */,
				5763C2E01608570A0068D420 /* CocosDenshion.m in Sources */,
				5763C2E11608570A0068D420 /* SimpleAudioEngine.mm in Sources */,
				5763C2E21608570A0068D420 /* SimpleAudioEngine_objc.m in Sources */,
				5791DDD81609703E00D996E9 /* AttackComponent.cpp in Sources */,
				5791DDD91609703E00D996E9 /* Component.cpp in Sources */,
				5791DDE5160982EE00D996E9 /* Player.cpp in Sources */,
				5791DE181609B7AE00D996E9 /* GameEntity.cpp in Sources */,
				57584246162D1B85008DA210 /* Monster.cpp in Sources */,
				57584249162D3884008DA210 /* AutoAttackComponent.cpp in Sources */,
				5758424C162D39A0008DA210 /* ManualAttackComponent.cpp in Sources */,
				578747431630083D002A6E3F /* AnimationComponent.cpp in Sources */,
				57FE5A401636A0ED00FCD88B /* SimpleMoveComponent.cpp in Sources */,
				5716B5B8163932D900FAE4B5 /* Unit.cpp in Sources */,
				5723975616394B15006D853E /* WorldEntity.cpp in Sources */,
				5785793B16412FB6001AFB30 /* GameOverScene.cpp in Sources */,
				5785793C16412FB6001AFB30 /* GameScene.cpp in Sources */,
				5785793D16412FB6001AFB30 /* GameStartScene.cpp in Sources */,
				57851A6E16968B1300BB6701 /* ISOCoordinateLayer.cpp in Sources */,
				57851A7116968BF200BB6701 /* GridMoveComponent.cpp in Sources */,
				57851A7F1696A1D800BB6701 /* CCMessage.cpp in Sources */,
				57851A801696A1D800BB6701 /* CCMessageHandler.cpp in Sources */,
				57851A811696A1D800BB6701 /* CCMessageManager.cpp in Sources */,
				57851A821696A1D800BB6701 /* CCMessageTarget.cpp in Sources */,
				57851A871696A1F400BB6701 /* GameCamera.cpp in Sources */,
				57851A881696A1F400BB6701 /* GameWorld.cpp in Sources */,
				57851AAA1696B27800BB6701 /* CCAstar.cpp in Sources */,
				57851AAB1696B27800BB6701 /* CCAstarNode.cpp in Sources */,
				57851AAC1696B27800BB6701 /* CCCoordinate.cpp in Sources */,
				57851AAF1696B27800BB6701 /* CCZIndex.cpp in Sources */,
				57851AB01696B27800BB6701 /* CCZIndexNode.cpp in Sources */,
				578A6B67169936C9000BCC72 /* CCISOTileLayer.cpp in Sources */,
				57F6F2A7169E6DA400FAC8C7 /* CCISOTileLayerDynamic.cpp in Sources */,
			);
			runOnlyForDeploymentPostprocessing = 0;
		};
/* End PBXSourcesBuildPhase section */

/* Begin PBXTargetDependency section */
		5763C242160856160068D420 /* PBXTargetDependency */ = {
			isa = PBXTargetDependency;
			name = cocos2dx;
			targetProxy = 5763C241160856160068D420 /* PBXContainerItemProxy */;
		};
/* End PBXTargetDependency section */

/* Begin XCBuildConfiguration section */
		5763C224160855540068D420 /* Debug */ = {
			isa = XCBuildConfiguration;
			buildSettings = {
				ARCHS = "$(ARCHS_STANDARD_32_BIT)";
				"CODE_SIGN_IDENTITY[sdk=iphoneos*]" = "iPhone Developer";
				GCC_C_LANGUAGE_STANDARD = gnu99;
				GCC_OPTIMIZATION_LEVEL = 0;
				GCC_PREPROCESSOR_DEFINITIONS = (
					DEBUG,
					"COCOS2D_DEBUG=1",
					USE_FILE32API,
					TARGET_OS_IPHONE,
				);
				GCC_SYMBOLS_PRIVATE_EXTERN = NO;
				GCC_WARN_ABOUT_RETURN_TYPE = YES;
				GCC_WARN_UNUSED_VARIABLE = YES;
				HEADER_SEARCH_PATHS = (
					"\"$(PROJECT_NAME)/libs/cocos2dx/kazmath/include\"",
					"\"$(PROJECT_NAME)/libs/cocos2dx\"",
					"\"$(PROJECT_NAME)/libs/CocosDenshion/include\"",
					"\"$(SDKROOT)/usr/include/libxml2\"",
				);
				IPHONEOS_DEPLOYMENT_TARGET = 5.1;
				SDKROOT = iphoneos;
			};
			name = Debug;
		};
		5763C225160855540068D420 /* Release */ = {
			isa = XCBuildConfiguration;
			buildSettings = {
				ARCHS = "$(ARCHS_STANDARD_32_BIT)";
				"CODE_SIGN_IDENTITY[sdk=iphoneos*]" = "iPhone Developer";
				GCC_C_LANGUAGE_STANDARD = gnu99;
				GCC_PREPROCESSOR_DEFINITIONS = (
					NDEBUG,
					USE_FILE32API,
					TARGET_OS_IPHONE,
				);
				GCC_WARN_ABOUT_RETURN_TYPE = YES;
				GCC_WARN_UNUSED_VARIABLE = YES;
				HEADER_SEARCH_PATHS = (
					"\"$(PROJECT_NAME)/libs/cocos2dx/kazmath/include\"",
					"\"$(PROJECT_NAME)/libs/cocos2dx\"",
					"\"$(PROJECT_NAME)/libs/CocosDenshion/include\"",
					"\"$(SDKROOT)/usr/include/libxml2\"",
				);
				IPHONEOS_DEPLOYMENT_TARGET = 5.1;
				OTHER_CFLAGS = "-DNS_BLOCK_ASSERTIONS=1";
				SDKROOT = iphoneos;
			};
			name = Release;
		};
		5763C227160855540068D420 /* Debug */ = {
			isa = XCBuildConfiguration;
			buildSettings = {
				ALWAYS_SEARCH_USER_PATHS = NO;
				CODE_SIGN_IDENTITY = "iPhone Developer";
				COPY_PHASE_STRIP = NO;
				GCC_DYNAMIC_NO_PIC = NO;
				GCC_INLINES_ARE_PRIVATE_EXTERN = NO;
				GCC_PRECOMPILE_PREFIX_HEADER = YES;
				GCC_PREFIX_HEADER = Prefix.pch;
				GCC_PREPROCESSOR_DEFINITIONS = (
					DEBUG,
					"COCOS2D_DEBUG=1",
					USE_FILE32API,
					TARGET_OS_IPHONE,
					CC_TARGET_OS_IPHONE,
				);
				"GCC_THUMB_SUPPORT[arch=armv6]" = "";
				HEADER_SEARCH_PATHS = (
					"\"$(SDKROOT)/usr/include/libxml2\"",
					"\"$(SRCROOT)/../../cocos2dx/kazmath/include\"",
					"\"$(SRCROOT)/../../cocos2dx\"",
					"\"$(SRCROOT)/../../cocos2dx/include\"",
					"\"$(SRCROOT)/../../CocosDenshion/include\"",
					"\"$(SRCROOT)/../../cocos2dx/platform/ios\"",
					"\"$(SRCROOT)/../../CCLibs/Message\"",
				);
				INFOPLIST_FILE = Info.plist;
				LIBRARY_SEARCH_PATHS = "$(inherited)";
				OTHER_LDFLAGS = (
					"-lxml2",
					"-lz",
					"-v",
				);
				PRODUCT_NAME = CCISO;
				PROVISIONING_PROFILE = "";
				TARGETED_DEVICE_FAMILY = "1,2";
				VALID_ARCHS = "armv6 armv7";
				WRAPPER_EXTENSION = app;
			};
			name = Debug;
		};
		5763C228160855540068D420 /* Release */ = {
			isa = XCBuildConfiguration;
			buildSettings = {
				ALWAYS_SEARCH_USER_PATHS = NO;
				CODE_SIGN_IDENTITY = "iPhone Developer";
				COPY_PHASE_STRIP = YES;
				GCC_INLINES_ARE_PRIVATE_EXTERN = NO;
				GCC_PRECOMPILE_PREFIX_HEADER = YES;
				GCC_PREFIX_HEADER = Prefix.pch;
				GCC_PREPROCESSOR_DEFINITIONS = (
					NDEBUG,
					USE_FILE32API,
					TARGET_OS_IPHONE,
					CC_TARGET_OS_IPHONE,
				);
				GCC_SYMBOLS_PRIVATE_EXTERN = NO;
				"GCC_THUMB_SUPPORT[arch=armv6]" = "";
				HEADER_SEARCH_PATHS = (
					"\"$(SDKROOT)/usr/include/libxml2\"",
					"\"$(SRCROOT)/../../cocos2dx/kazmath/include\"",
					"\"$(SRCROOT)/../../cocos2dx\"",
					"\"$(SRCROOT)/../../cocos2dx/include\"",
					"\"$(SRCROOT)/../../CocosDenshion/include\"",
					"\"$(SRCROOT)/../../cocos2dx/platform/ios\"",
					"\"$(SRCROOT)/../../CCLibs/Message\"",
				);
				INFOPLIST_FILE = Info.plist;
				LIBRARY_SEARCH_PATHS = "$(inherited)";
				OTHER_LDFLAGS = (
					"-lxml2",
					"-lz",
					"-v",
				);
				PRODUCT_NAME = CCISO;
				PROVISIONING_PROFILE = "";
				TARGETED_DEVICE_FAMILY = "1,2";
				VALIDATE_PRODUCT = YES;
				VALID_ARCHS = "armv6 armv7";
				WRAPPER_EXTENSION = app;
			};
			name = Release;
		};
/* End XCBuildConfiguration section */

/* Begin XCConfigurationList section */
		5763BF941608554D0068D420 /* Build configuration list for PBXProject "CCISO" */ = {
			isa = XCConfigurationList;
			buildConfigurations = (
				5763C224160855540068D420 /* Debug */,
				5763C225160855540068D420 /* Release */,
			);
			defaultConfigurationIsVisible = 0;
			defaultConfigurationName = Release;
		};
		5763C226160855540068D420 /* Build configuration list for PBXNativeTarget "CCISO" */ = {
			isa = XCConfigurationList;
			buildConfigurations = (
				5763C227160855540068D420 /* Debug */,
				5763C228160855540068D420 /* Release */,
			);
			defaultConfigurationIsVisible = 0;
			defaultConfigurationName = Release;
		};
/* End XCConfigurationList section */
	};
	rootObject = 5763BF911608554D0068D420 /* Project object */;
}
